
Microsoft Visual Studio Solution File, Format Version 12.00
# Visual Studio Version 16
VisualStudioVersion = 16.0.30002.166
MinimumVisualStudioVersion = 10.0.40219.1
Project("{9A19103F-16F7-4668-BE54-9A1E7A4F7556}") = "BlazorApp1", "BlazorApp1\BlazorApp1.csproj", "{F18C3679-CFE4-462F-A338-FB948373C492}"
EndProject
Global
	GlobalSection(SolutionConfigurationPlatforms) = preSolution
		Debug|Any CPU = Debug|Any CPU
		Release|Any CPU = Release|Any CPU
	EndGlobalSection
	GlobalSection(ProjectConfigurationPlatforms) = postSolution
		{F18C3679-CFE4-462F-A338-FB948373C492}.Debug|Any CPU.ActiveCfg = Debug|Any CPU
		{F18C3679-CFE4-462F-A338-FB948373C492}.Debug|Any CPU.Build.0 = Debug|Any CPU
		{F18C3679-CFE4-462F-A338-FB948373C492}.Release|Any CPU.ActiveCfg = Release|Any CPU
		{F18C3679-CFE4-462F-A338-FB948373C492}.Release|Any CPU.Build.0 = Release|Any CPU
	EndGlobalSection
	GlobalSection(SolutionProperties) = preSolution
		HideSolutionNode = FALSE
	EndGlobalSection
	GlobalSection(ExtensibilityGlobals) = postSolution
		SolutionGuid = {FA6CA5A1-13E8-46F9-B2C6-10E72C0A6756}
	EndGlobalSection
EndGlobal
